
Microsoft Visual Studio Solution File, Format Version 12.00
# Visual Studio Version 17
VisualStudioVersion = 17.5.002.0
MinimumVisualStudioVersion = 10.0.40219.1
Project("{9A19103F-16F7-4668-BE54-9A1E7A4F7556}") = "First_Project", "First_Project\First_Project.csproj", "{76E1E2AE-D09B-4F98-A53C-FBD28F999790}"
EndProject
Project("{FAE04EC0-301F-11D3-BF4B-00C04F79EFBC}") = "Project02", "Project02\Project02.csproj", "{D04E75F8-4150-4E7B-A293-D63974D883D4}"
EndProject
Project("{FAE04EC0-301F-11D3-BF4B-00C04F79EFBC}") = "ScreenSound-API", "ScreenSound-API\ScreenSound-API.csproj", "{643B0FD5-551E-4B1F-A708-A65D2CBCD07D}"
EndProject
Global
	GlobalSection(SolutionConfigurationPlatforms) = preSolution
		Debug|Any CPU = Debug|Any CPU
		Release|Any CPU = Release|Any CPU
	EndGlobalSection
	GlobalSection(ProjectConfigurationPlatforms) = postSolution
		{76E1E2AE-D09B-4F98-A53C-FBD28F999790}.Debug|Any CPU.ActiveCfg = Debug|Any CPU
		{76E1E2AE-D09B-4F98-A53C-FBD28F999790}.Debug|Any CPU.Build.0 = Debug|Any CPU
		{76E1E2AE-D09B-4F98-A53C-FBD28F999790}.Release|Any CPU.ActiveCfg = Release|Any CPU
		{76E1E2AE-D09B-4F98-A53C-FBD28F999790}.Release|Any CPU.Build.0 = Release|Any CPU
		{D04E75F8-4150-4E7B-A293-D63974D883D4}.Debug|Any CPU.ActiveCfg = Debug|Any CPU
		{D04E75F8-4150-4E7B-A293-D63974D883D4}.Debug|Any CPU.Build.0 = Debug|Any CPU
		{D04E75F8-4150-4E7B-A293-D63974D883D4}.Release|Any CPU.ActiveCfg = Release|Any CPU
		{D04E75F8-4150-4E7B-A293-D63974D883D4}.Release|Any CPU.Build.0 = Release|Any CPU
		{643B0FD5-551E-4B1F-A708-A65D2CBCD07D}.Debug|Any CPU.ActiveCfg = Debug|Any CPU
		{643B0FD5-551E-4B1F-A708-A65D2CBCD07D}.Debug|Any CPU.Build.0 = Debug|Any CPU
		{643B0FD5-551E-4B1F-A708-A65D2CBCD07D}.Release|Any CPU.ActiveCfg = Release|Any CPU
		{643B0FD5-551E-4B1F-A708-A65D2CBCD07D}.Release|Any CPU.Build.0 = Release|Any CPU
	EndGlobalSection
	GlobalSection(SolutionProperties) = preSolution
		HideSolutionNode = FALSE
	EndGlobalSection
	GlobalSection(ExtensibilityGlobals) = postSolution
		SolutionGuid = {3E9717DC-023A-463C-8E38-E55973254F43}
	EndGlobalSection
EndGlobal
